
Microsoft Visual Studio Solution File, Format Version 12.00
# Visual Studio 2013
VisualStudioVersion = 12.0.21005.1
MinimumVisualStudioVersion = 10.0.40219.1
Project("{B1E792BE-AA5F-4E3C-8C82-674BF9C0715B}") = "TestBed", "TestBed\TestBed.tsproj", "{F08E7995-94AD-4EE9-A1E6-9898726D0262}"
EndProject
Global
	GlobalSection(SolutionConfigurationPlatforms) = preSolution
		Debug|TwinCAT CE7 (ARMV7) = Debug|TwinCAT CE7 (ARMV7)
		Debug|TwinCAT RT (x64) = Debug|TwinCAT RT (x64)
		Debug|TwinCAT RT (x86) = Debug|TwinCAT RT (x86)
		Release|TwinCAT CE7 (ARMV7) = Release|TwinCAT CE7 (ARMV7)
		Release|TwinCAT RT (x64) = Release|TwinCAT RT (x64)
		Release|TwinCAT RT (x86) = Release|TwinCAT RT (x86)
	EndGlobalSection
	GlobalSection(ProjectConfigurationPlatforms) = postSolution
		{F08E7995-94AD-4EE9-A1E6-9898726D0262}.Debug|TwinCAT CE7 (ARMV7).ActiveCfg = Debug|TwinCAT CE7 (ARMV7)
		{F08E7995-94AD-4EE9-A1E6-9898726D0262}.Debug|TwinCAT CE7 (ARMV7).Build.0 = Debug|TwinCAT CE7 (ARMV7)
		{F08E7995-94AD-4EE9-A1E6-9898726D0262}.Debug|TwinCAT RT (x64).ActiveCfg = Debug|TwinCAT RT (x64)
		{F08E7995-94AD-4EE9-A1E6-9898726D0262}.Debug|TwinCAT RT (x64).Build.0 = Debug|TwinCAT RT (x64)
		{F08E7995-94AD-4EE9-A1E6-9898726D0262}.Debug|TwinCAT RT (x86).ActiveCfg = Debug|TwinCAT RT (x86)
		{F08E7995-94AD-4EE9-A1E6-9898726D0262}.Debug|TwinCAT RT (x86).Build.0 = Debug|TwinCAT RT (x86)
		{F08E7995-94AD-4EE9-A1E6-9898726D0262}.Release|TwinCAT CE7 (ARMV7).ActiveCfg = Release|TwinCAT CE7 (ARMV7)
		{F08E7995-94AD-4EE9-A1E6-9898726D0262}.Release|TwinCAT CE7 (ARMV7).Build.0 = Release|TwinCAT CE7 (ARMV7)
		{F08E7995-94AD-4EE9-A1E6-9898726D0262}.Release|TwinCAT RT (x64).ActiveCfg = Release|TwinCAT RT (x64)
		{F08E7995-94AD-4EE9-A1E6-9898726D0262}.Release|TwinCAT RT (x64).Build.0 = Release|TwinCAT RT (x64)
		{F08E7995-94AD-4EE9-A1E6-9898726D0262}.Release|TwinCAT RT (x86).ActiveCfg = Release|TwinCAT RT (x86)
		{F08E7995-94AD-4EE9-A1E6-9898726D0262}.Release|TwinCAT RT (x86).Build.0 = Release|TwinCAT RT (x86)
		{D9EBE779-D6C2-479F-9667-0DA584E635F8}.Debug|TwinCAT CE7 (ARMV7).ActiveCfg = Debug|TwinCAT CE7 (ARMV7)
		{D9EBE779-D6C2-479F-9667-0DA584E635F8}.Debug|TwinCAT CE7 (ARMV7).Build.0 = Debug|TwinCAT CE7 (ARMV7)
		{D9EBE779-D6C2-479F-9667-0DA584E635F8}.Debug|TwinCAT RT (x64).ActiveCfg = Debug|TwinCAT RT (x64)
		{D9EBE779-D6C2-479F-9667-0DA584E635F8}.Debug|TwinCAT RT (x64).Build.0 = Debug|TwinCAT RT (x64)
		{D9EBE779-D6C2-479F-9667-0DA584E635F8}.Debug|TwinCAT RT (x86).ActiveCfg = Debug|TwinCAT RT (x86)
		{D9EBE779-D6C2-479F-9667-0DA584E635F8}.Debug|TwinCAT RT (x86).Build.0 = Debug|TwinCAT RT (x86)
		{D9EBE779-D6C2-479F-9667-0DA584E635F8}.Release|TwinCAT CE7 (ARMV7).ActiveCfg = Release|TwinCAT CE7 (ARMV7)
		{D9EBE779-D6C2-479F-9667-0DA584E635F8}.Release|TwinCAT CE7 (ARMV7).Build.0 = Release|TwinCAT CE7 (ARMV7)
		{D9EBE779-D6C2-479F-9667-0DA584E635F8}.Release|TwinCAT RT (x64).ActiveCfg = Release|TwinCAT RT (x64)
		{D9EBE779-D6C2-479F-9667-0DA584E635F8}.Release|TwinCAT RT (x64).Build.0 = Release|TwinCAT RT (x64)
		{D9EBE779-D6C2-479F-9667-0DA584E635F8}.Release|TwinCAT RT (x86).ActiveCfg = Release|TwinCAT RT (x86)
		{D9EBE779-D6C2-479F-9667-0DA584E635F8}.Release|TwinCAT RT (x86).Build.0 = Release|TwinCAT RT (x86)
		{AE01F8EA-3832-41D4-AA1F-D2404D18758E}.Debug|TwinCAT CE7 (ARMV7).ActiveCfg = Debug|TwinCAT CE7 (ARMV7)
		{AE01F8EA-3832-41D4-AA1F-D2404D18758E}.Debug|TwinCAT CE7 (ARMV7).Build.0 = Debug|TwinCAT CE7 (ARMV7)
		{AE01F8EA-3832-41D4-AA1F-D2404D18758E}.Debug|TwinCAT RT (x64).ActiveCfg = Debug|TwinCAT RT (x64)
		{AE01F8EA-3832-41D4-AA1F-D2404D18758E}.Debug|TwinCAT RT (x64).Build.0 = Debug|TwinCAT RT (x64)
		{AE01F8EA-3832-41D4-AA1F-D2404D18758E}.Debug|TwinCAT RT (x86).ActiveCfg = Debug|TwinCAT RT (x86)
		{AE01F8EA-3832-41D4-AA1F-D2404D18758E}.Debug|TwinCAT RT (x86).Build.0 = Debug|TwinCAT RT (x86)
		{AE01F8EA-3832-41D4-AA1F-D2404D18758E}.Release|TwinCAT CE7 (ARMV7).ActiveCfg = Release|TwinCAT CE7 (ARMV7)
		{AE01F8EA-3832-41D4-AA1F-D2404D18758E}.Release|TwinCAT CE7 (ARMV7).Build.0 = Release|TwinCAT CE7 (ARMV7)
		{AE01F8EA-3832-41D4-AA1F-D2404D18758E}.Release|TwinCAT RT (x64).ActiveCfg = Release|TwinCAT RT (x64)
		{AE01F8EA-3832-41D4-AA1F-D2404D18758E}.Release|TwinCAT RT (x64).Build.0 = Release|TwinCAT RT (x64)
		{AE01F8EA-3832-41D4-AA1F-D2404D18758E}.Release|TwinCAT RT (x86).ActiveCfg = Release|TwinCAT RT (x86)
		{AE01F8EA-3832-41D4-AA1F-D2404D18758E}.Release|TwinCAT RT (x86).Build.0 = Release|TwinCAT RT (x86)
	EndGlobalSection
	GlobalSection(SolutionProperties) = preSolution
		HideSolutionNode = FALSE
	EndGlobalSection
EndGlobal
